// !$*UTF8*$!
{
	archiveVersion = 1;
	classes = {
	};
	objectVersion = 55;
	objects = {

/* Begin PBXBuildFile section */
		19C60F002858773E00CF6496 /* AppDelegate.swift in Sources */ = {isa = PBXBuildFile; fileRef = 19C60EFF2858773E00CF6496 /* AppDelegate.swift */; };
		19C60F042858773E00CF6496 /* MainViewController.swift in Sources */ = {isa = PBXBuildFile; fileRef = 19C60F032858773E00CF6496 /* MainViewController.swift */; };
		19C60F0A2858773E00CF6496 /* GitHubTest.xcdatamodeld in Sources */ = {isa = PBXBuildFile; fileRef = 19C60F082858773E00CF6496 /* GitHubTest.xcdatamodeld */; };
		19C60F0C2858774000CF6496 /* Assets.xcassets in Resources */ = {isa = PBXBuildFile; fileRef = 19C60F0B2858774000CF6496 /* Assets.xcassets */; };
		19C60F0F2858774000CF6496 /* LaunchScreen.storyboard in Resources */ = {isa = PBXBuildFile; fileRef = 19C60F0D2858774000CF6496 /* LaunchScreen.storyboard */; };
		19C60F1A2858774000CF6496 /* GitHubTestTests.swift in Sources */ = {isa = PBXBuildFile; fileRef = 19C60F192858774000CF6496 /* GitHubTestTests.swift */; };
		19C60F242858774000CF6496 /* GitHubTestUITests.swift in Sources */ = {isa = PBXBuildFile; fileRef = 19C60F232858774000CF6496 /* GitHubTestUITests.swift */; };
		19C60F262858774000CF6496 /* GitHubTestUITestsLaunchTests.swift in Sources */ = {isa = PBXBuildFile; fileRef = 19C60F252858774000CF6496 /* GitHubTestUITestsLaunchTests.swift */; };
		19C60F422858885700CF6496 /* MainModel.swift in Sources */ = {isa = PBXBuildFile; fileRef = 19C60F412858885700CF6496 /* MainModel.swift */; };
		19C60F44285888AF00CF6496 /* MainViewModel.swift in Sources */ = {isa = PBXBuildFile; fileRef = 19C60F43285888AF00CF6496 /* MainViewModel.swift */; };
		19C60F56285B588900CF6496 /* Observable.swift in Sources */ = {isa = PBXBuildFile; fileRef = 19C60F55285B588900CF6496 /* Observable.swift */; };
		19C60F5D285BBDCE00CF6496 /* DetailViewModel.swift in Sources */ = {isa = PBXBuildFile; fileRef = 19C60F5C285BBDCE00CF6496 /* DetailViewModel.swift */; };
		19C60F5F285BBDDB00CF6496 /* DetailViewController.swift in Sources */ = {isa = PBXBuildFile; fileRef = 19C60F5E285BBDDB00CF6496 /* DetailViewController.swift */; };
		19C60F62285C499E00CF6496 /* Coordinator.swift in Sources */ = {isa = PBXBuildFile; fileRef = 19C60F61285C499D00CF6496 /* Coordinator.swift */; };
		19C60F64285C49F900CF6496 /* AppCoordinator.swift in Sources */ = {isa = PBXBuildFile; fileRef = 19C60F63285C49F900CF6496 /* AppCoordinator.swift */; };
		19C60F942863A41000CF6496 /* GitHubData+CoreDataClass.swift in Sources */ = {isa = PBXBuildFile; fileRef = 19C60F922863A41000CF6496 /* GitHubData+CoreDataClass.swift */; };
		19C60F952863A41000CF6496 /* GitHubData+CoreDataProperties.swift in Sources */ = {isa = PBXBuildFile; fileRef = 19C60F932863A41000CF6496 /* GitHubData+CoreDataProperties.swift */; };
		19C60F972863AA3500CF6496 /* CoreDataManager.swift in Sources */ = {isa = PBXBuildFile; fileRef = 19C60F962863AA3500CF6496 /* CoreDataManager.swift */; };
/* End PBXBuildFile section */

/* Begin PBXContainerItemProxy section */
		19C60F162858774000CF6496 /* PBXContainerItemProxy */ = {
			isa = PBXContainerItemProxy;
			containerPortal = 19C60EF42858773E00CF6496 /* Project object */;
			proxyType = 1;
			remoteGlobalIDString = 19C60EFB2858773E00CF6496;
			remoteInfo = GitHubTest;
		};
		19C60F202858774000CF6496 /* PBXContainerItemProxy */ = {
			isa = PBXContainerItemProxy;
			containerPortal = 19C60EF42858773E00CF6496 /* Project object */;
			proxyType = 1;
			remoteGlobalIDString = 19C60EFB2858773E00CF6496;
			remoteInfo = GitHubTest;
		};
/* End PBXContainerItemProxy section */

/* Begin PBXFileReference section */
		19C60EFC2858773E00CF6496 /* GitHubTest.app */ = {isa = PBXFileReference; explicitFileType = wrapper.application; includeInIndex = 0; path = GitHubTest.app; sourceTree = BUILT_PRODUCTS_DIR; };
		19C60EFF2858773E00CF6496 /* AppDelegate.swift */ = {isa = PBXFileReference; lastKnownFileType = sourcecode.swift; path = AppDelegate.swift; sourceTree = "<group>"; };
		19C60F032858773E00CF6496 /* MainViewController.swift */ = {isa = PBXFileReference; lastKnownFileType = sourcecode.swift; path = MainViewController.swift; sourceTree = "<group>"; };
		19C60F092858773E00CF6496 /* GitHubTest.xcdatamodel */ = {isa = PBXFileReference; lastKnownFileType = wrapper.xcdatamodel; path = GitHubTest.xcdatamodel; sourceTree = "<group>"; };
		19C60F0B2858774000CF6496 /* Assets.xcassets */ = {isa = PBXFileReference; lastKnownFileType = folder.assetcatalog; path = Assets.xcassets; sourceTree = "<group>"; };
		19C60F0E2858774000CF6496 /* Base */ = {isa = PBXFileReference; lastKnownFileType = file.storyboard; name = Base; path = Base.lproj/LaunchScreen.storyboard; sourceTree = "<group>"; };
		19C60F102858774000CF6496 /* Info.plist */ = {isa = PBXFileReference; lastKnownFileType = text.plist.xml; path = Info.plist; sourceTree = "<group>"; };
		19C60F152858774000CF6496 /* GitHubTestTests.xctest */ = {isa = PBXFileReference; explicitFileType = wrapper.cfbundle; includeInIndex = 0; path = GitHubTestTests.xctest; sourceTree = BUILT_PRODUCTS_DIR; };
		19C60F192858774000CF6496 /* GitHubTestTests.swift */ = {isa = PBXFileReference; lastKnownFileType = sourcecode.swift; path = GitHubTestTests.swift; sourceTree = "<group>"; };
		19C60F1F2858774000CF6496 /* GitHubTestUITests.xctest */ = {isa = PBXFileReference; explicitFileType = wrapper.cfbundle; includeInIndex = 0; path = GitHubTestUITests.xctest; sourceTree = BUILT_PRODUCTS_DIR; };
		19C60F232858774000CF6496 /* GitHubTestUITests.swift */ = {isa = PBXFileReference; lastKnownFileType = sourcecode.swift; path = GitHubTestUITests.swift; sourceTree = "<group>"; };
		19C60F252858774000CF6496 /* GitHubTestUITestsLaunchTests.swift */ = {isa = PBXFileReference; lastKnownFileType = sourcecode.swift; path = GitHubTestUITestsLaunchTests.swift; sourceTree = "<group>"; };
		19C60F412858885700CF6496 /* MainModel.swift */ = {isa = PBXFileReference; lastKnownFileType = sourcecode.swift; path = MainModel.swift; sourceTree = "<group>"; };
		19C60F43285888AF00CF6496 /* MainViewModel.swift */ = {isa = PBXFileReference; lastKnownFileType = sourcecode.swift; path = MainViewModel.swift; sourceTree = "<group>"; };
		19C60F55285B588900CF6496 /* Observable.swift */ = {isa = PBXFileReference; lastKnownFileType = sourcecode.swift; path = Observable.swift; sourceTree = "<group>"; };
		19C60F5C285BBDCE00CF6496 /* DetailViewModel.swift */ = {isa = PBXFileReference; lastKnownFileType = sourcecode.swift; path = DetailViewModel.swift; sourceTree = "<group>"; };
		19C60F5E285BBDDB00CF6496 /* DetailViewController.swift */ = {isa = PBXFileReference; lastKnownFileType = sourcecode.swift; path = DetailViewController.swift; sourceTree = "<group>"; };
		19C60F61285C499D00CF6496 /* Coordinator.swift */ = {isa = PBXFileReference; lastKnownFileType = sourcecode.swift; path = Coordinator.swift; sourceTree = "<group>"; };
		19C60F63285C49F900CF6496 /* AppCoordinator.swift */ = {isa = PBXFileReference; lastKnownFileType = sourcecode.swift; path = AppCoordinator.swift; sourceTree = "<group>"; };
		19C60F922863A41000CF6496 /* GitHubData+CoreDataClass.swift */ = {isa = PBXFileReference; lastKnownFileType = sourcecode.swift; path = "GitHubData+CoreDataClass.swift"; sourceTree = "<group>"; };
		19C60F932863A41000CF6496 /* GitHubData+CoreDataProperties.swift */ = {isa = PBXFileReference; lastKnownFileType = sourcecode.swift; path = "GitHubData+CoreDataProperties.swift"; sourceTree = "<group>"; };
		19C60F962863AA3500CF6496 /* CoreDataManager.swift */ = {isa = PBXFileReference; lastKnownFileType = sourcecode.swift; path = CoreDataManager.swift; sourceTree = "<group>"; };
/* End PBXFileReference section */

/* Begin PBXFrameworksBuildPhase section */
		19C60EF92858773E00CF6496 /* Frameworks */ = {
			isa = PBXFrameworksBuildPhase;
			buildActionMask = 2147483647;
			files = (
			);
			runOnlyForDeploymentPostprocessing = 0;
		};
		19C60F122858774000CF6496 /* Frameworks */ = {
			isa = PBXFrameworksBuildPhase;
			buildActionMask = 2147483647;
			files = (
			);
			runOnlyForDeploymentPostprocessing = 0;
		};
		19C60F1C2858774000CF6496 /* Frameworks */ = {
			isa = PBXFrameworksBuildPhase;
			buildActionMask = 2147483647;
			files = (
			);
			runOnlyForDeploymentPostprocessing = 0;
		};
/* End PBXFrameworksBuildPhase section */

/* Begin PBXGroup section */
		19C60EF32858773E00CF6496 = {
			isa = PBXGroup;
			children = (
				19C60F962863AA3500CF6496 /* CoreDataManager.swift */,
				19C60F922863A41000CF6496 /* GitHubData+CoreDataClass.swift */,
				19C60F932863A41000CF6496 /* GitHubData+CoreDataProperties.swift */,
				19C60EFE2858773E00CF6496 /* GitHubTest */,
				19C60F182858774000CF6496 /* GitHubTestTests */,
				19C60F222858774000CF6496 /* GitHubTestUITests */,
				19C60EFD2858773E00CF6496 /* Products */,
			);
			sourceTree = "<group>";
		};
		19C60EFD2858773E00CF6496 /* Products */ = {
			isa = PBXGroup;
			children = (
				19C60EFC2858773E00CF6496 /* GitHubTest.app */,
				19C60F152858774000CF6496 /* GitHubTestTests.xctest */,
				19C60F1F2858774000CF6496 /* GitHubTestUITests.xctest */,
			);
			name = Products;
			sourceTree = "<group>";
		};
		19C60EFE2858773E00CF6496 /* GitHubTest */ = {
			isa = PBXGroup;
			children = (
				19C60F60285C498D00CF6496 /* Protocols */,
				19C60F59285BBDA500CF6496 /* Detail */,
				19C60F4E285B157300CF6496 /* Main */,
				19C60F63285C49F900CF6496 /* AppCoordinator.swift */,
				19C60EFF2858773E00CF6496 /* AppDelegate.swift */,
				19C60F55285B588900CF6496 /* Observable.swift */,
				19C60F0B2858774000CF6496 /* Assets.xcassets */,
				19C60F0D2858774000CF6496 /* LaunchScreen.storyboard */,
				19C60F102858774000CF6496 /* Info.plist */,
				19C60F082858773E00CF6496 /* GitHubTest.xcdatamodeld */,
			);
			path = GitHubTest;
			sourceTree = "<group>";
		};
		19C60F182858774000CF6496 /* GitHubTestTests */ = {
			isa = PBXGroup;
			children = (
				19C60F192858774000CF6496 /* GitHubTestTests.swift */,
			);
			path = GitHubTestTests;
			sourceTree = "<group>";
		};
		19C60F222858774000CF6496 /* GitHubTestUITests */ = {
			isa = PBXGroup;
			children = (
				19C60F232858774000CF6496 /* GitHubTestUITests.swift */,
				19C60F252858774000CF6496 /* GitHubTestUITestsLaunchTests.swift */,
			);
			path = GitHubTestUITests;
			sourceTree = "<group>";
		};
		19C60F4E285B157300CF6496 /* Main */ = {
			isa = PBXGroup;
			children = (
				19C60F412858885700CF6496 /* MainModel.swift */,
				19C60F43285888AF00CF6496 /* MainViewModel.swift */,
				19C60F032858773E00CF6496 /* MainViewController.swift */,
			);
			path = Main;
			sourceTree = "<group>";
		};
		19C60F59285BBDA500CF6496 /* Detail */ = {
			isa = PBXGroup;
			children = (
				19C60F5C285BBDCE00CF6496 /* DetailViewModel.swift */,
				19C60F5E285BBDDB00CF6496 /* DetailViewController.swift */,
			);
			path = Detail;
			sourceTree = "<group>";
		};
		19C60F60285C498D00CF6496 /* Protocols */ = {
			isa = PBXGroup;
			children = (
				19C60F61285C499D00CF6496 /* Coordinator.swift */,
			);
			path = Protocols;
			sourceTree = "<group>";
		};
/* End PBXGroup section */

/* Begin PBXNativeTarget section */
		19C60EFB2858773E00CF6496 /* GitHubTest */ = {
			isa = PBXNativeTarget;
			buildConfigurationList = 19C60F292858774000CF6496 /* Build configuration list for PBXNativeTarget "GitHubTest" */;
			buildPhases = (
				19C60EF82858773E00CF6496 /* Sources */,
				19C60EF92858773E00CF6496 /* Frameworks */,
				19C60EFA2858773E00CF6496 /* Resources */,
			);
			buildRules = (
			);
			dependencies = (
			);
			name = GitHubTest;
			productName = GitHubTest;
			productReference = 19C60EFC2858773E00CF6496 /* GitHubTest.app */;
			productType = "com.apple.product-type.application";
		};
		19C60F142858774000CF6496 /* GitHubTestTests */ = {
			isa = PBXNativeTarget;
			buildConfigurationList = 19C60F2C2858774000CF6496 /* Build configuration list for PBXNativeTarget "GitHubTestTests" */;
			buildPhases = (
				19C60F112858774000CF6496 /* Sources */,
				19C60F122858774000CF6496 /* Frameworks */,
				19C60F132858774000CF6496 /* Resources */,
			);
			buildRules = (
			);
			dependencies = (
				19C60F172858774000CF6496 /* PBXTargetDependency */,
			);
			name = GitHubTestTests;
			productName = GitHubTestTests;
			productReference = 19C60F152858774000CF6496 /* GitHubTestTests.xctest */;
			productType = "com.apple.product-type.bundle.unit-test";
		};
		19C60F1E2858774000CF6496 /* GitHubTestUITests */ = {
			isa = PBXNativeTarget;
			buildConfigurationList = 19C60F2F2858774000CF6496 /* Build configuration list for PBXNativeTarget "GitHubTestUITests" */;
			buildPhases = (
				19C60F1B2858774000CF6496 /* Sources */,
				19C60F1C2858774000CF6496 /* Frameworks */,
				19C60F1D2858774000CF6496 /* Resources */,
			);
			buildRules = (
			);
			dependencies = (
				19C60F212858774000CF6496 /* PBXTargetDependency */,
			);
			name = GitHubTestUITests;
			productName = GitHubTestUITests;
			productReference = 19C60F1F2858774000CF6496 /* GitHubTestUITests.xctest */;
			productType = "com.apple.product-type.bundle.ui-testing";
		};
/* End PBXNativeTarget section */

/* Begin PBXProject section */
		19C60EF42858773E00CF6496 /* Project object */ = {
			isa = PBXProject;
			attributes = {
				BuildIndependentTargetsInParallel = 1;
				LastSwiftUpdateCheck = 1330;
				LastUpgradeCheck = 1330;
				TargetAttributes = {
					19C60EFB2858773E00CF6496 = {
						CreatedOnToolsVersion = 13.3.1;
					};
					19C60F142858774000CF6496 = {
						CreatedOnToolsVersion = 13.3.1;
						TestTargetID = 19C60EFB2858773E00CF6496;
					};
					19C60F1E2858774000CF6496 = {
						CreatedOnToolsVersion = 13.3.1;
						TestTargetID = 19C60EFB2858773E00CF6496;
					};
				};
			};
			buildConfigurationList = 19C60EF72858773E00CF6496 /* Build configuration list for PBXProject "GitHubTest" */;
			compatibilityVersion = "Xcode 13.0";
			developmentRegion = en;
			hasScannedForEncodings = 0;
			knownRegions = (
				en,
				Base,
			);
			mainGroup = 19C60EF32858773E00CF6496;
			productRefGroup = 19C60EFD2858773E00CF6496 /* Products */;
			projectDirPath = "";
			projectRoot = "";
			targets = (
				19C60EFB2858773E00CF6496 /* GitHubTest */,
				19C60F142858774000CF6496 /* GitHubTestTests */,
				19C60F1E2858774000CF6496 /* GitHubTestUITests */,
			);
		};
/* End PBXProject section */

/* Begin PBXResourcesBuildPhase section */
		19C60EFA2858773E00CF6496 /* Resources */ = {
			isa = PBXResourcesBuildPhase;
			buildActionMask = 2147483647;
			files = (
				19C60F0F2858774000CF6496 /* LaunchScreen.storyboard in Resources */,
				19C60F0C2858774000CF6496 /* Assets.xcassets in Resources */,
			);
			runOnlyForDeploymentPostprocessing = 0;
		};
		19C60F132858774000CF6496 /* Resources */ = {
			isa = PBXResourcesBuildPhase;
			buildActionMask = 2147483647;
			files = (
			);
			runOnlyForDeploymentPostprocessing = 0;
		};
		19C60F1D2858774000CF6496 /* Resources */ = {
			isa = PBXResourcesBuildPhase;
			buildActionMask = 2147483647;
			files = (
			);
			runOnlyForDeploymentPostprocessing = 0;
		};
/* End PBXResourcesBuildPhase section */

/* Begin PBXSourcesBuildPhase section */
		19C60EF82858773E00CF6496 /* Sources */ = {
			isa = PBXSourcesBuildPhase;
			buildActionMask = 2147483647;
			files = (
				19C60F64285C49F900CF6496 /* AppCoordinator.swift in Sources */,
				19C60F5F285BBDDB00CF6496 /* DetailViewController.swift in Sources */,
				19C60F952863A41000CF6496 /* GitHubData+CoreDataProperties.swift in Sources */,
				19C60F44285888AF00CF6496 /* MainViewModel.swift in Sources */,
				19C60F62285C499E00CF6496 /* Coordinator.swift in Sources */,
				19C60F942863A41000CF6496 /* GitHubData+CoreDataClass.swift in Sources */,
				19C60F422858885700CF6496 /* MainModel.swift in Sources */,
				19C60F972863AA3500CF6496 /* CoreDataManager.swift in Sources */,
				19C60F042858773E00CF6496 /* MainViewController.swift in Sources */,
				19C60F002858773E00CF6496 /* AppDelegate.swift in Sources */,
				19C60F0A2858773E00CF6496 /* GitHubTest.xcdatamodeld in Sources */,
				19C60F56285B588900CF6496 /* Observable.swift in Sources */,
				19C60F5D285BBDCE00CF6496 /* DetailViewModel.swift in Sources */,
			);
			runOnlyForDeploymentPostprocessing = 0;
		};
		19C60F112858774000CF6496 /* Sources */ = {
			isa = PBXSourcesBuildPhase;
			buildActionMask = 2147483647;
			files = (
				19C60F1A2858774000CF6496 /* GitHubTestTests.swift in Sources */,
			);
			runOnlyForDeploymentPostprocessing = 0;
		};
		19C60F1B2858774000CF6496 /* Sources */ = {
			isa = PBXSourcesBuildPhase;
			buildActionMask = 2147483647;
			files = (
				19C60F242858774000CF6496 /* GitHubTestUITests.swift in Sources */,
				19C60F262858774000CF6496 /* GitHubTestUITestsLaunchTests.swift in Sources */,
			);
			runOnlyForDeploymentPostprocessing = 0;
		};
/* End PBXSourcesBuildPhase section */

/* Begin PBXTargetDependency section */
		19C60F172858774000CF6496 /* PBXTargetDependency */ = {
			isa = PBXTargetDependency;
			target = 19C60EFB2858773E00CF6496 /* GitHubTest */;
			targetProxy = 19C60F162858774000CF6496 /* PBXContainerItemProxy */;
		};
		19C60F212858774000CF6496 /* PBXTargetDependency */ = {
			isa = PBXTargetDependency;
			target = 19C60EFB2858773E00CF6496 /* GitHubTest */;
			targetProxy = 19C60F202858774000CF6496 /* PBXContainerItemProxy */;
		};
/* End PBXTargetDependency section */

/* Begin PBXVariantGroup section */
		19C60F0D2858774000CF6496 /* LaunchScreen.storyboard */ = {
			isa = PBXVariantGroup;
			children = (
				19C60F0E2858774000CF6496 /* Base */,
			);
			name = LaunchScreen.storyboard;
			sourceTree = "<group>";
		};
/* End PBXVariantGroup section */

/* Begin XCBuildConfiguration section */
		19C60F272858774000CF6496 /* Debug */ = {
			isa = XCBuildConfiguration;
			buildSettings = {
				ALWAYS_SEARCH_USER_PATHS = NO;
				CLANG_ANALYZER_NONNULL = YES;
				CLANG_ANALYZER_NUMBER_OBJECT_CONVERSION = YES_AGGRESSIVE;
				CLANG_CXX_LANGUAGE_STANDARD = "gnu++17";
				CLANG_ENABLE_MODULES = YES;
				CLANG_ENABLE_OBJC_ARC = YES;
				CLANG_ENABLE_OBJC_WEAK = YES;
				CLANG_WARN_BLOCK_CAPTURE_AUTORELEASING = YES;
				CLANG_WARN_BOOL_CONVERSION = YES;
				CLANG_WARN_COMMA = YES;
				CLANG_WARN_CONSTANT_CONVERSION = YES;
				CLANG_WARN_DEPRECATED_OBJC_IMPLEMENTATIONS = YES;
				CLANG_WARN_DIRECT_OBJC_ISA_USAGE = YES_ERROR;
				CLANG_WARN_DOCUMENTATION_COMMENTS = YES;
				CLANG_WARN_EMPTY_BODY = YES;
				CLANG_WARN_ENUM_CONVERSION = YES;
				CLANG_WARN_INFINITE_RECURSION = YES;
				CLANG_WARN_INT_CONVERSION = YES;
				CLANG_WARN_NON_LITERAL_NULL_CONVERSION = YES;
				CLANG_WARN_OBJC_IMPLICIT_RETAIN_SELF = YES;
				CLANG_WARN_OBJC_LITERAL_CONVERSION = YES;
				CLANG_WARN_OBJC_ROOT_CLASS = YES_ERROR;
				CLANG_WARN_QUOTED_INCLUDE_IN_FRAMEWORK_HEADER = YES;
				CLANG_WARN_RANGE_LOOP_ANALYSIS = YES;
				CLANG_WARN_STRICT_PROTOTYPES = YES;
				CLANG_WARN_SUSPICIOUS_MOVE = YES;
				CLANG_WARN_UNGUARDED_AVAILABILITY = YES_AGGRESSIVE;
				CLANG_WARN_UNREACHABLE_CODE = YES;
				CLANG_WARN__DUPLICATE_METHOD_MATCH = YES;
				COPY_PHASE_STRIP = NO;
				DEBUG_INFORMATION_FORMAT = dwarf;
				ENABLE_STRICT_OBJC_MSGSEND = YES;
				ENABLE_TESTABILITY = YES;
				GCC_C_LANGUAGE_STANDARD = gnu11;
				GCC_DYNAMIC_NO_PIC = NO;
				GCC_NO_COMMON_BLOCKS = YES;
				GCC_OPTIMIZATION_LEVEL = 0;
				GCC_PREPROCESSOR_DEFINITIONS = (
					"DEBUG=1",
					"$(inherited)",
				);
				GCC_WARN_64_TO_32_BIT_CONVERSION = YES;
				GCC_WARN_ABOUT_RETURN_TYPE = YES_ERROR;
				GCC_WARN_UNDECLARED_SELECTOR = YES;
				GCC_WARN_UNINITIALIZED_AUTOS = YES_AGGRESSIVE;
				GCC_WARN_UNUSED_FUNCTION = YES;
				GCC_WARN_UNUSED_VARIABLE = YES;
				IPHONEOS_DEPLOYMENT_TARGET = 15.4;
				MTL_ENABLE_DEBUG_INFO = INCLUDE_SOURCE;
				MTL_FAST_MATH = YES;
				ONLY_ACTIVE_ARCH = YES;
				SDKROOT = iphoneos;
				SWIFT_ACTIVE_COMPILATION_CONDITIONS = DEBUG;
				SWIFT_OPTIMIZATION_LEVEL = "-Onone";
			};
			name = Debug;
		};
		19C60F282858774000CF6496 /* Release */ = {
			isa = XCBuildConfiguration;
			buildSettings = {
				ALWAYS_SEARCH_USER_PATHS = NO;
				CLANG_ANALYZER_NONNULL = YES;
				CLANG_ANALYZER_NUMBER_OBJECT_CONVERSION = YES_AGGRESSIVE;
				CLANG_CXX_LANGUAGE_STANDARD = "gnu++17";
				CLANG_ENABLE_MODULES = YES;
				CLANG_ENABLE_OBJC_ARC = YES;
				CLANG_ENABLE_OBJC_WEAK = YES;
				CLANG_WARN_BLOCK_CAPTURE_AUTORELEASING = YES;
				CLANG_WARN_BOOL_CONVERSION = YES;
				CLANG_WARN_COMMA = YES;
				CLANG_WARN_CONSTANT_CONVERSION = YES;
				CLANG_WARN_DEPRECATED_OBJC_IMPLEMENTATIONS = YES;
				CLANG_WARN_DIRECT_OBJC_ISA_USAGE = YES_ERROR;
				CLANG_WARN_DOCUMENTATION_COMMENTS = YES;
				CLANG_WARN_EMPTY_BODY = YES;
				CLANG_WARN_ENUM_CONVERSION = YES;
				CLANG_WARN_INFINITE_RECURSION = YES;
				CLANG_WARN_INT_CONVERSION = YES;
				CLANG_WARN_NON_LITERAL_NULL_CONVERSION = YES;
				CLANG_WARN_OBJC_IMPLICIT_RETAIN_SELF = YES;
				CLANG_WARN_OBJC_LITERAL_CONVERSION = YES;
				CLANG_WARN_OBJC_ROOT_CLASS = YES_ERROR;
				CLANG_WARN_QUOTED_INCLUDE_IN_FRAMEWORK_HEADER = YES;
				CLANG_WARN_RANGE_LOOP_ANALYSIS = YES;
				CLANG_WARN_STRICT_PROTOTYPES = YES;
				CLANG_WARN_SUSPICIOUS_MOVE = YES;
				CLANG_WARN_UNGUARDED_AVAILABILITY = YES_AGGRESSIVE;
				CLANG_WARN_UNREACHABLE_CODE = YES;
				CLANG_WARN__DUPLICATE_METHOD_MATCH = YES;
				COPY_PHASE_STRIP = NO;
				DEBUG_INFORMATION_FORMAT = "dwarf-with-dsym";
				ENABLE_NS_ASSERTIONS = NO;
				ENABLE_STRICT_OBJC_MSGSEND = YES;
				GCC_C_LANGUAGE_STANDARD = gnu11;
				GCC_NO_COMMON_BLOCKS = YES;
				GCC_WARN_64_TO_32_BIT_CONVERSION = YES;
				GCC_WARN_ABOUT_RETURN_TYPE = YES_ERROR;
				GCC_WARN_UNDECLARED_SELECTOR = YES;
				GCC_WARN_UNINITIALIZED_AUTOS = YES_AGGRESSIVE;
				GCC_WARN_UNUSED_FUNCTION = YES;
				GCC_WARN_UNUSED_VARIABLE = YES;
				IPHONEOS_DEPLOYMENT_TARGET = 15.4;
				MTL_ENABLE_DEBUG_INFO = NO;
				MTL_FAST_MATH = YES;
				SDKROOT = iphoneos;
				SWIFT_COMPILATION_MODE = wholemodule;
				SWIFT_OPTIMIZATION_LEVEL = "-O";
				VALIDATE_PRODUCT = YES;
			};
			name = Release;
		};
		19C60F2A2858774000CF6496 /* Debug */ = {
			isa = XCBuildConfiguration;
			buildSettings = {
				ASSETCATALOG_COMPILER_APPICON_NAME = AppIcon;
				ASSETCATALOG_COMPILER_GLOBAL_ACCENT_COLOR_NAME = AccentColor;
				CODE_SIGN_STYLE = Automatic;
				CURRENT_PROJECT_VERSION = 1;
				GENERATE_INFOPLIST_FILE = YES;
				INFOPLIST_FILE = GitHubTest/Info.plist;
				INFOPLIST_KEY_UIApplicationSupportsIndirectInputEvents = YES;
				INFOPLIST_KEY_UILaunchStoryboardName = LaunchScreen;
				INFOPLIST_KEY_UISupportedInterfaceOrientations_iPad = "UIInterfaceOrientationPortrait UIInterfaceOrientationPortraitUpsideDown UIInterfaceOrientationLandscapeLeft UIInterfaceOrientationLandscapeRight";
				INFOPLIST_KEY_UISupportedInterfaceOrientations_iPhone = "UIInterfaceOrientationPortrait UIInterfaceOrientationLandscapeLeft UIInterfaceOrientationLandscapeRight";
				LD_RUNPATH_SEARCH_PATHS = (
					"$(inherited)",
					"@executable_path/Frameworks",
				);
				MARKETING_VERSION = 1.0;
				PRODUCT_BUNDLE_IDENTIFIER = d.GitHubTest;
				PRODUCT_NAME = "$(TARGET_NAME)";
				SWIFT_EMIT_LOC_STRINGS = YES;
				SWIFT_VERSION = 5.0;
				TARGETED_DEVICE_FAMILY = "1,2";
			};
			name = Debug;
		};
		19C60F2B2858774000CF6496 /* Release */ = {
			isa = XCBuildConfiguration;
			buildSettings = {
				ASSETCATALOG_COMPILER_APPICON_NAME = AppIcon;
				ASSETCATALOG_COMPILER_GLOBAL_ACCENT_COLOR_NAME = AccentColor;
				CODE_SIGN_STYLE = Automatic;
				CURRENT_PROJECT_VERSION = 1;
				GENERATE_INFOPLIST_FILE = YES;
				INFOPLIST_FILE = GitHubTest/Info.plist;
				INFOPLIST_KEY_UIApplicationSupportsIndirectInputEvents = YES;
				INFOPLIST_KEY_UILaunchStoryboardName = LaunchScreen;
				INFOPLIST_KEY_UISupportedInterfaceOrientations_iPad = "UIInterfaceOrientationPortrait UIInterfaceOrientationPortraitUpsideDown UIInterfaceOrientationLandscapeLeft UIInterfaceOrientationLandscapeRight";
				INFOPLIST_KEY_UISupportedInterfaceOrientations_iPhone = "UIInterfaceOrientationPortrait UIInterfaceOrientationLandscapeLeft UIInterfaceOrientationLandscapeRight";
				LD_RUNPATH_SEARCH_PATHS = (
					"$(inherited)",
					"@executable_path/Frameworks",
				);
				MARKETING_VERSION = 1.0;
				PRODUCT_BUNDLE_IDENTIFIER = d.GitHubTest;
				PRODUCT_NAME = "$(TARGET_NAME)";
				SWIFT_EMIT_LOC_STRINGS = YES;
				SWIFT_VERSION = 5.0;
				TARGETED_DEVICE_FAMILY = "1,2";
			};
			name = Release;
		};
		19C60F2D2858774000CF6496 /* Debug */ = {
			isa = XCBuildConfiguration;
			buildSettings = {
				ALWAYS_EMBED_SWIFT_STANDARD_LIBRARIES = YES;
				BUNDLE_LOADER = "$(TEST_HOST)";
				CODE_SIGN_STYLE = Automatic;
				CURRENT_PROJECT_VERSION = 1;
				GENERATE_INFOPLIST_FILE = YES;
				IPHONEOS_DEPLOYMENT_TARGET = 15.4;
				MARKETING_VERSION = 1.0;
				PRODUCT_BUNDLE_IDENTIFIER = d.GitHubTestTests;
				PRODUCT_NAME = "$(TARGET_NAME)";
				SWIFT_EMIT_LOC_STRINGS = NO;
				SWIFT_VERSION = 5.0;
				TARGETED_DEVICE_FAMILY = "1,2";
				TEST_HOST = "$(BUILT_PRODUCTS_DIR)/GitHubTest.app/GitHubTest";
			};
			name = Debug;
		};
		19C60F2E2858774000CF6496 /* Release */ = {
			isa = XCBuildConfiguration;
			buildSettings = {
				ALWAYS_EMBED_SWIFT_STANDARD_LIBRARIES = YES;
				BUNDLE_LOADER = "$(TEST_HOST)";
				CODE_SIGN_STYLE = Automatic;
				CURRENT_PROJECT_VERSION = 1;
				GENERATE_INFOPLIST_FILE = YES;
				IPHONEOS_DEPLOYMENT_TARGET = 15.4;
				MARKETING_VERSION = 1.0;
				PRODUCT_BUNDLE_IDENTIFIER = d.GitHubTestTests;
				PRODUCT_NAME = "$(TARGET_NAME)";
				SWIFT_EMIT_LOC_STRINGS = NO;
				SWIFT_VERSION = 5.0;
				TARGETED_DEVICE_FAMILY = "1,2";
				TEST_HOST = "$(BUILT_PRODUCTS_DIR)/GitHubTest.app/GitHubTest";
			};
			name = Release;
		};
		19C60F302858774000CF6496 /* Debug */ = {
			isa = XCBuildConfiguration;
			buildSettings = {
				ALWAYS_EMBED_SWIFT_STANDARD_LIBRARIES = YES;
				CODE_SIGN_STYLE = Automatic;
				CURRENT_PROJECT_VERSION = 1;
				GENERATE_INFOPLIST_FILE = YES;
				MARKETING_VERSION = 1.0;
				PRODUCT_BUNDLE_IDENTIFIER = d.GitHubTestUITests;
				PRODUCT_NAME = "$(TARGET_NAME)";
				SWIFT_EMIT_LOC_STRINGS = NO;
				SWIFT_VERSION = 5.0;
				TARGETED_DEVICE_FAMILY = "1,2";
				TEST_TARGET_NAME = GitHubTest;
			};
			name = Debug;
		};
		19C60F312858774000CF6496 /* Release */ = {
			isa = XCBuildConfiguration;
			buildSettings = {
				ALWAYS_EMBED_SWIFT_STANDARD_LIBRARIES = YES;
				CODE_SIGN_STYLE = Automatic;
				CURRENT_PROJECT_VERSION = 1;
				GENERATE_INFOPLIST_FILE = YES;
				MARKETING_VERSION = 1.0;
				PRODUCT_BUNDLE_IDENTIFIER = d.GitHubTestUITests;
				PRODUCT_NAME = "$(TARGET_NAME)";
				SWIFT_EMIT_LOC_STRINGS = NO;
				SWIFT_VERSION = 5.0;
				TARGETED_DEVICE_FAMILY = "1,2";
				TEST_TARGET_NAME = GitHubTest;
			};
			name = Release;
		};
/* End XCBuildConfiguration section */

/* Begin XCConfigurationList section */
		19C60EF72858773E00CF6496 /* Build configuration list for PBXProject "GitHubTest" */ = {
			isa = XCConfigurationList;
			buildConfigurations = (
				19C60F272858774000CF6496 /* Debug */,
				19C60F282858774000CF6496 /* Release */,
			);
			defaultConfigurationIsVisible = 0;
			defaultConfigurationName = Release;
		};
		19C60F292858774000CF6496 /* Build configuration list for PBXNativeTarget "GitHubTest" */ = {
			isa = XCConfigurationList;
			buildConfigurations = (
				19C60F2A2858774000CF6496 /* Debug */,
				19C60F2B2858774000CF6496 /* Release */,
			);
			defaultConfigurationIsVisible = 0;
			defaultConfigurationName = Release;
		};
		19C60F2C2858774000CF6496 /* Build configuration list for PBXNativeTarget "GitHubTestTests" */ = {
			isa = XCConfigurationList;
			buildConfigurations = (
				19C60F2D2858774000CF6496 /* Debug */,
				19C60F2E2858774000CF6496 /* Release */,
			);
			defaultConfigurationIsVisible = 0;
			defaultConfigurationName = Release;
		};
		19C60F2F2858774000CF6496 /* Build configuration list for PBXNativeTarget "GitHubTestUITests" */ = {
			isa = XCConfigurationList;
			buildConfigurations = (
				19C60F302858774000CF6496 /* Debug */,
				19C60F312858774000CF6496 /* Release */,
			);
			defaultConfigurationIsVisible = 0;
			defaultConfigurationName = Release;
		};
/* End XCConfigurationList section */

/* Begin XCVersionGroup section */
		19C60F082858773E00CF6496 /* GitHubTest.xcdatamodeld */ = {
			isa = XCVersionGroup;
			children = (
				19C60F092858773E00CF6496 /* GitHubTest.xcdatamodel */,
			);
			currentVersion = 19C60F092858773E00CF6496 /* GitHubTest.xcdatamodel */;
			path = GitHubTest.xcdatamodeld;
			sourceTree = "<group>";
			versionGroupType = wrapper.xcdatamodel;
		};
/* End XCVersionGroup section */
	};
	rootObject = 19C60EF42858773E00CF6496 /* Project object */;
}
